
Microsoft Visual Studio Solution File, Format Version 12.00
# Visual Studio 15
VisualStudioVersion = 15.0.28307.645
MinimumVisualStudioVersion = 10.0.40219.1
Project("{FAE04EC0-301F-11D3-BF4B-00C04F79EFBC}") = "LSDogHairSalonFinal", "LSDogHairSalonFinal\LSDogHairSalonFinal.csproj", "{AE60C49D-2DC3-43A6-BECE-33C4A4CCE0A9}"
EndProject
Global
	GlobalSection(SolutionConfigurationPlatforms) = preSolution
		Debug|Any CPU = Debug|Any CPU
		Release|Any CPU = Release|Any CPU
	EndGlobalSection
	GlobalSection(ProjectConfigurationPlatforms) = postSolution
		{AE60C49D-2DC3-43A6-BECE-33C4A4CCE0A9}.Debug|Any CPU.ActiveCfg = Debug|Any CPU
		{AE60C49D-2DC3-43A6-BECE-33C4A4CCE0A9}.Debug|Any CPU.Build.0 = Debug|Any CPU
		{AE60C49D-2DC3-43A6-BECE-33C4A4CCE0A9}.Release|Any CPU.ActiveCfg = Release|Any CPU
		{AE60C49D-2DC3-43A6-BECE-33C4A4CCE0A9}.Release|Any CPU.Build.0 = Release|Any CPU
	EndGlobalSection
	GlobalSection(SolutionProperties) = preSolution
		HideSolutionNode = FALSE
	EndGlobalSection
	GlobalSection(ExtensibilityGlobals) = postSolution
		SolutionGuid = {508E7E61-6198-4EC2-ABC3-8F4804477840}
	EndGlobalSection
EndGlobal
